
Microsoft Visual Studio Solution File, Format Version 12.00
# Visual Studio Version 17
VisualStudioVersion = 17.14.35906.104
MinimumVisualStudioVersion = 10.0.40219.1
Project("{FAE04EC0-301F-11D3-BF4B-00C04F79EFBC}") = "TicketingSys", "TicketingSys.csproj", "{CA21E40B-60A8-43BC-A26B-60BFF0F92B64}"
EndProject
Project("{FAE04EC0-301F-11D3-BF4B-00C04F79EFBC}") = "TicketingSys.Tests", "..\TicketingSys.Tests\TicketingSys.Tests.csproj", "{DEED5CEC-BC6C-7C7C-B79F-A9BAEAE7DD14}"
EndProject
Global
	GlobalSection(SolutionConfigurationPlatforms) = preSolution
		Debug|Any CPU = Debug|Any CPU
		Release|Any CPU = Release|Any CPU
	EndGlobalSection
	GlobalSection(ProjectConfigurationPlatforms) = postSolution
		{CA21E40B-60A8-43BC-A26B-60BFF0F92B64}.Debug|Any CPU.ActiveCfg = Debug|Any CPU
		{CA21E40B-60A8-43BC-A26B-60BFF0F92B64}.Debug|Any CPU.Build.0 = Debug|Any CPU
		{CA21E40B-60A8-43BC-A26B-60BFF0F92B64}.Release|Any CPU.ActiveCfg = Release|Any CPU
		{CA21E40B-60A8-43BC-A26B-60BFF0F92B64}.Release|Any CPU.Build.0 = Release|Any CPU
		{DEED5CEC-BC6C-7C7C-B79F-A9BAEAE7DD14}.Debug|Any CPU.ActiveCfg = Debug|Any CPU
		{DEED5CEC-BC6C-7C7C-B79F-A9BAEAE7DD14}.Debug|Any CPU.Build.0 = Debug|Any CPU
		{DEED5CEC-BC6C-7C7C-B79F-A9BAEAE7DD14}.Release|Any CPU.ActiveCfg = Release|Any CPU
		{DEED5CEC-BC6C-7C7C-B79F-A9BAEAE7DD14}.Release|Any CPU.Build.0 = Release|Any CPU
	EndGlobalSection
	GlobalSection(SolutionProperties) = preSolution
		HideSolutionNode = FALSE
	EndGlobalSection
	GlobalSection(ExtensibilityGlobals) = postSolution
		SolutionGuid = {B0623BC7-6B14-459B-B0A1-674DA3766F2D}
	EndGlobalSection
EndGlobal
